// !$*UTF8*$!
{
	archiveVersion = 1;
	classes = {
	};
	objectVersion = 46;
	objects = {

/* Begin PBXAggregateTarget section */
		"DDXNetwork::DDXNetworkPackageTests::ProductTarget" /* DDXNetworkPackageTests */ = {
			isa = PBXAggregateTarget;
			buildConfigurationList = OBJ_31 /* Build configuration list for PBXAggregateTarget "DDXNetworkPackageTests" */;
			buildPhases = (
			);
			dependencies = (
				OBJ_34 /* PBXTargetDependency */,
			);
			name = DDXNetworkPackageTests;
			productName = DDXNetworkPackageTests;
		};
/* End PBXAggregateTarget section */

/* Begin PBXBuildFile section */
		91D78CA02D7533F1001C96BF /* HTTPClientURLSession.swift in Sources */ = {isa = PBXBuildFile; fileRef = 91D78C9B2D7533F1001C96BF /* HTTPClientURLSession.swift */; };
		91D78CA12D7533F1001C96BF /* HTTPRequest.swift in Sources */ = {isa = PBXBuildFile; fileRef = 91D78C9C2D7533F1001C96BF /* HTTPRequest.swift */; };
		91D78CA22D7533F1001C96BF /* HTTPClient.swift in Sources */ = {isa = PBXBuildFile; fileRef = 91D78C9A2D7533F1001C96BF /* HTTPClient.swift */; };
		91D78CA32D7533F1001C96BF /* DataFetcher.swift in Sources */ = {isa = PBXBuildFile; fileRef = 91D78C9E2D7533F1001C96BF /* DataFetcher.swift */; };
		91D78CA42D7533F1001C96BF /* HTTPServiceRequestInterceptor.swift in Sources */ = {isa = PBXBuildFile; fileRef = 91D78C9D2D7533F1001C96BF /* HTTPServiceRequestInterceptor.swift */; };
		91D78CA52D7533F1001C96BF /* RequestFetcher.swift in Sources */ = {isa = PBXBuildFile; fileRef = 91D78C9F2D7533F1001C96BF /* RequestFetcher.swift */; };
		91D78CA82D75394B001C96BF /* HTTPClientTests.swift in Sources */ = {isa = PBXBuildFile; fileRef = 91D78CA62D75394B001C96BF /* HTTPClientTests.swift */; };
		91D78CA92D75394B001C96BF /* HTTPRequestTests.swift in Sources */ = {isa = PBXBuildFile; fileRef = 91D78CA72D75394B001C96BF /* HTTPRequestTests.swift */; };
		91D78CAC2D7539A8001C96BF /* HTTPRequest+Fixtures.swift in Sources */ = {isa = PBXBuildFile; fileRef = 91D78CAB2D7539A2001C96BF /* HTTPRequest+Fixtures.swift */; };
		91D78CAF2D753AF3001C96BF /* URLSessionMock.swift in Sources */ = {isa = PBXBuildFile; fileRef = 91D78CAE2D753AF0001C96BF /* URLSessionMock.swift */; };
		91D78CB12D753B68001C96BF /* HTTPURLResponse+Fixtures.swift in Sources */ = {isa = PBXBuildFile; fileRef = 91D78CB02D753B64001C96BF /* HTTPURLResponse+Fixtures.swift */; };
		91D78CB42D753BFB001C96BF /* MockCopyHeaderInterceptor.swift in Sources */ = {isa = PBXBuildFile; fileRef = 91D78CB32D753BFB001C96BF /* MockCopyHeaderInterceptor.swift */; };
		91D78CB52D753BFB001C96BF /* MockAddHeaderInterceptor.swift in Sources */ = {isa = PBXBuildFile; fileRef = 91D78CB22D753BFB001C96BF /* MockAddHeaderInterceptor.swift */; };
		OBJ_29 /* Package.swift in Sources */ = {isa = PBXBuildFile; fileRef = OBJ_6 /* Package.swift */; };
		OBJ_43 /* DDXNetwork.framework in Frameworks */ = {isa = PBXBuildFile; fileRef = "DDXNetwork::DDXNetwork::Product" /* DDXNetwork.framework */; };
/* End PBXBuildFile section */

/* Begin PBXContainerItemProxy section */
		913F6DFC242D7BF100740A1A /* PBXContainerItemProxy */ = {
			isa = PBXContainerItemProxy;
			containerPortal = OBJ_1 /* Project object */;
			proxyType = 1;
			remoteGlobalIDString = "DDXNetwork::DDXNetwork";
			remoteInfo = DDXNetwork;
		};
		913F6DFD242D7BF300740A1A /* PBXContainerItemProxy */ = {
			isa = PBXContainerItemProxy;
			containerPortal = OBJ_1 /* Project object */;
			proxyType = 1;
			remoteGlobalIDString = "DDXNetwork::DDXNetworkTests";
			remoteInfo = DDXNetworkTests;
		};
/* End PBXContainerItemProxy section */

/* Begin PBXFileReference section */
		91D78C9A2D7533F1001C96BF /* HTTPClient.swift */ = {isa = PBXFileReference; lastKnownFileType = sourcecode.swift; path = HTTPClient.swift; sourceTree = "<group>"; };
		91D78C9B2D7533F1001C96BF /* HTTPClientURLSession.swift */ = {isa = PBXFileReference; lastKnownFileType = sourcecode.swift; path = HTTPClientURLSession.swift; sourceTree = "<group>"; };
		91D78C9C2D7533F1001C96BF /* HTTPRequest.swift */ = {isa = PBXFileReference; lastKnownFileType = sourcecode.swift; path = HTTPRequest.swift; sourceTree = "<group>"; };
		91D78C9D2D7533F1001C96BF /* HTTPServiceRequestInterceptor.swift */ = {isa = PBXFileReference; lastKnownFileType = sourcecode.swift; path = HTTPServiceRequestInterceptor.swift; sourceTree = "<group>"; };
		91D78C9E2D7533F1001C96BF /* DataFetcher.swift */ = {isa = PBXFileReference; lastKnownFileType = sourcecode.swift; path = DataFetcher.swift; sourceTree = "<group>"; };
		91D78C9F2D7533F1001C96BF /* RequestFetcher.swift */ = {isa = PBXFileReference; lastKnownFileType = sourcecode.swift; path = RequestFetcher.swift; sourceTree = "<group>"; };
		91D78CA62D75394B001C96BF /* HTTPClientTests.swift */ = {isa = PBXFileReference; lastKnownFileType = sourcecode.swift; path = HTTPClientTests.swift; sourceTree = "<group>"; };
		91D78CA72D75394B001C96BF /* HTTPRequestTests.swift */ = {isa = PBXFileReference; lastKnownFileType = sourcecode.swift; path = HTTPRequestTests.swift; sourceTree = "<group>"; };
		91D78CAB2D7539A2001C96BF /* HTTPRequest+Fixtures.swift */ = {isa = PBXFileReference; lastKnownFileType = sourcecode.swift; path = "HTTPRequest+Fixtures.swift"; sourceTree = "<group>"; };
		91D78CAE2D753AF0001C96BF /* URLSessionMock.swift */ = {isa = PBXFileReference; lastKnownFileType = sourcecode.swift; path = URLSessionMock.swift; sourceTree = "<group>"; };
		91D78CB02D753B64001C96BF /* HTTPURLResponse+Fixtures.swift */ = {isa = PBXFileReference; lastKnownFileType = sourcecode.swift; path = "HTTPURLResponse+Fixtures.swift"; sourceTree = "<group>"; };
		91D78CB22D753BFB001C96BF /* MockAddHeaderInterceptor.swift */ = {isa = PBXFileReference; lastKnownFileType = sourcecode.swift; path = MockAddHeaderInterceptor.swift; sourceTree = "<group>"; };
		91D78CB32D753BFB001C96BF /* MockCopyHeaderInterceptor.swift */ = {isa = PBXFileReference; lastKnownFileType = sourcecode.swift; path = MockCopyHeaderInterceptor.swift; sourceTree = "<group>"; };
		"DDXNetwork::DDXNetwork::Product" /* DDXNetwork.framework */ = {isa = PBXFileReference; explicitFileType = wrapper.framework; path = DDXNetwork.framework; sourceTree = BUILT_PRODUCTS_DIR; };
		"DDXNetwork::DDXNetworkTests::Product" /* DDXNetworkTests.xctest */ = {isa = PBXFileReference; explicitFileType = wrapper.cfbundle; path = DDXNetworkTests.xctest; sourceTree = BUILT_PRODUCTS_DIR; };
		OBJ_6 /* Package.swift */ = {isa = PBXFileReference; explicitFileType = sourcecode.swift; path = Package.swift; sourceTree = "<group>"; };
/* End PBXFileReference section */

/* Begin PBXFrameworksBuildPhase section */
		OBJ_23 /* Frameworks */ = {
			isa = PBXFrameworksBuildPhase;
			buildActionMask = 0;
			files = (
			);
			runOnlyForDeploymentPostprocessing = 0;
		};
		OBJ_42 /* Frameworks */ = {
			isa = PBXFrameworksBuildPhase;
			buildActionMask = 0;
			files = (
				OBJ_43 /* DDXNetwork.framework in Frameworks */,
			);
			runOnlyForDeploymentPostprocessing = 0;
		};
/* End PBXFrameworksBuildPhase section */

/* Begin PBXGroup section */
		91D78CAA2D753996001C96BF /* Fixtures */ = {
			isa = PBXGroup;
			children = (
				91D78CAB2D7539A2001C96BF /* HTTPRequest+Fixtures.swift */,
				91D78CB02D753B64001C96BF /* HTTPURLResponse+Fixtures.swift */,
			);
			path = Fixtures;
			sourceTree = "<group>";
		};
		91D78CAD2D753AE7001C96BF /* Mocks */ = {
			isa = PBXGroup;
			children = (
				91D78CB22D753BFB001C96BF /* MockAddHeaderInterceptor.swift */,
				91D78CB32D753BFB001C96BF /* MockCopyHeaderInterceptor.swift */,
				91D78CAE2D753AF0001C96BF /* URLSessionMock.swift */,
			);
			path = Mocks;
			sourceTree = "<group>";
		};
		OBJ_10 /* Tests */ = {
			isa = PBXGroup;
			children = (
				91D78CAD2D753AE7001C96BF /* Mocks */,
				91D78CAA2D753996001C96BF /* Fixtures */,
				OBJ_11 /* DDXNetworkTests */,
			);
			name = Tests;
			sourceTree = SOURCE_ROOT;
		};
		OBJ_11 /* DDXNetworkTests */ = {
			isa = PBXGroup;
			children = (
				91D78CA62D75394B001C96BF /* HTTPClientTests.swift */,
				91D78CA72D75394B001C96BF /* HTTPRequestTests.swift */,
			);
			name = DDXNetworkTests;
			path = Tests/DDXNetworkTests;
			sourceTree = SOURCE_ROOT;
		};
		OBJ_14 /* Products */ = {
			isa = PBXGroup;
			children = (
				"DDXNetwork::DDXNetwork::Product" /* DDXNetwork.framework */,
				"DDXNetwork::DDXNetworkTests::Product" /* DDXNetworkTests.xctest */,
			);
			name = Products;
			sourceTree = BUILT_PRODUCTS_DIR;
		};
		OBJ_5 = {
			isa = PBXGroup;
			children = (
				OBJ_6 /* Package.swift */,
				OBJ_7 /* Sources */,
				OBJ_10 /* Tests */,
				OBJ_14 /* Products */,
			);
			sourceTree = "<group>";
		};
		OBJ_7 /* Sources */ = {
			isa = PBXGroup;
			children = (
				OBJ_8 /* DDXNetwork */,
			);
			name = Sources;
			sourceTree = SOURCE_ROOT;
		};
		OBJ_8 /* DDXNetwork */ = {
			isa = PBXGroup;
			children = (
				91D78C9A2D7533F1001C96BF /* HTTPClient.swift */,
				91D78C9B2D7533F1001C96BF /* HTTPClientURLSession.swift */,
				91D78C9C2D7533F1001C96BF /* HTTPRequest.swift */,
				91D78C9D2D7533F1001C96BF /* HTTPServiceRequestInterceptor.swift */,
				91D78C9E2D7533F1001C96BF /* DataFetcher.swift */,
				91D78C9F2D7533F1001C96BF /* RequestFetcher.swift */,
			);
			name = DDXNetwork;
			path = Sources/DDXNetwork;
			sourceTree = SOURCE_ROOT;
		};
/* End PBXGroup section */

/* Begin PBXNativeTarget section */
		"DDXNetwork::DDXNetwork" /* DDXNetwork */ = {
			isa = PBXNativeTarget;
			buildConfigurationList = OBJ_18 /* Build configuration list for PBXNativeTarget "DDXNetwork" */;
			buildPhases = (
				OBJ_21 /* Sources */,
				OBJ_23 /* Frameworks */,
			);
			buildRules = (
			);
			dependencies = (
			);
			name = DDXNetwork;
			productName = DDXNetwork;
			productReference = "DDXNetwork::DDXNetwork::Product" /* DDXNetwork.framework */;
			productType = "com.apple.product-type.framework";
		};
		"DDXNetwork::DDXNetworkTests" /* DDXNetworkTests */ = {
			isa = PBXNativeTarget;
			buildConfigurationList = OBJ_36 /* Build configuration list for PBXNativeTarget "DDXNetworkTests" */;
			buildPhases = (
				OBJ_39 /* Sources */,
				OBJ_42 /* Frameworks */,
			);
			buildRules = (
			);
			dependencies = (
				OBJ_44 /* PBXTargetDependency */,
			);
			name = DDXNetworkTests;
			productName = DDXNetworkTests;
			productReference = "DDXNetwork::DDXNetworkTests::Product" /* DDXNetworkTests.xctest */;
			productType = "com.apple.product-type.bundle.unit-test";
		};
		"DDXNetwork::SwiftPMPackageDescription" /* DDXNetworkPackageDescription */ = {
			isa = PBXNativeTarget;
			buildConfigurationList = OBJ_25 /* Build configuration list for PBXNativeTarget "DDXNetworkPackageDescription" */;
			buildPhases = (
				OBJ_28 /* Sources */,
			);
			buildRules = (
			);
			dependencies = (
			);
			name = DDXNetworkPackageDescription;
			productName = DDXNetworkPackageDescription;
			productType = "com.apple.product-type.framework";
		};
/* End PBXNativeTarget section */

/* Begin PBXProject section */
		OBJ_1 /* Project object */ = {
			isa = PBXProject;
			attributes = {
				LastSwiftMigration = 9999;
				LastUpgradeCheck = 9999;
				TargetAttributes = {
					"DDXNetwork::DDXNetwork" = {
						LastSwiftMigration = 1620;
					};
					"DDXNetwork::DDXNetworkTests" = {
						LastSwiftMigration = 1620;
					};
				};
			};
			buildConfigurationList = OBJ_2 /* Build configuration list for PBXProject "DDXNetwork" */;
			compatibilityVersion = "Xcode 3.2";
			developmentRegion = en;
			hasScannedForEncodings = 0;
			knownRegions = (
				en,
			);
			mainGroup = OBJ_5;
			productRefGroup = OBJ_14 /* Products */;
			projectDirPath = "";
			projectRoot = "";
			targets = (
				"DDXNetwork::DDXNetwork" /* DDXNetwork */,
				"DDXNetwork::SwiftPMPackageDescription" /* DDXNetworkPackageDescription */,
				"DDXNetwork::DDXNetworkPackageTests::ProductTarget" /* DDXNetworkPackageTests */,
				"DDXNetwork::DDXNetworkTests" /* DDXNetworkTests */,
			);
		};
/* End PBXProject section */

/* Begin PBXSourcesBuildPhase section */
		OBJ_21 /* Sources */ = {
			isa = PBXSourcesBuildPhase;
			buildActionMask = 0;
			files = (
				91D78CA02D7533F1001C96BF /* HTTPClientURLSession.swift in Sources */,
				91D78CA12D7533F1001C96BF /* HTTPRequest.swift in Sources */,
				91D78CA22D7533F1001C96BF /* HTTPClient.swift in Sources */,
				91D78CA32D7533F1001C96BF /* DataFetcher.swift in Sources */,
				91D78CA42D7533F1001C96BF /* HTTPServiceRequestInterceptor.swift in Sources */,
				91D78CA52D7533F1001C96BF /* RequestFetcher.swift in Sources */,
			);
			runOnlyForDeploymentPostprocessing = 0;
		};
		OBJ_28 /* Sources */ = {
			isa = PBXSourcesBuildPhase;
			buildActionMask = 0;
			files = (
				OBJ_29 /* Package.swift in Sources */,
			);
			runOnlyForDeploymentPostprocessing = 0;
		};
		OBJ_39 /* Sources */ = {
			isa = PBXSourcesBuildPhase;
			buildActionMask = 0;
			files = (
				91D78CA82D75394B001C96BF /* HTTPClientTests.swift in Sources */,
				91D78CB12D753B68001C96BF /* HTTPURLResponse+Fixtures.swift in Sources */,
				91D78CAC2D7539A8001C96BF /* HTTPRequest+Fixtures.swift in Sources */,
				91D78CA92D75394B001C96BF /* HTTPRequestTests.swift in Sources */,
				91D78CAF2D753AF3001C96BF /* URLSessionMock.swift in Sources */,
				91D78CB42D753BFB001C96BF /* MockCopyHeaderInterceptor.swift in Sources */,
				91D78CB52D753BFB001C96BF /* MockAddHeaderInterceptor.swift in Sources */,
			);
			runOnlyForDeploymentPostprocessing = 0;
		};
/* End PBXSourcesBuildPhase section */

/* Begin PBXTargetDependency section */
		OBJ_34 /* PBXTargetDependency */ = {
			isa = PBXTargetDependency;
			target = "DDXNetwork::DDXNetworkTests" /* DDXNetworkTests */;
			targetProxy = 913F6DFD242D7BF300740A1A /* PBXContainerItemProxy */;
		};
		OBJ_44 /* PBXTargetDependency */ = {
			isa = PBXTargetDependency;
			target = "DDXNetwork::DDXNetwork" /* DDXNetwork */;
			targetProxy = 913F6DFC242D7BF100740A1A /* PBXContainerItemProxy */;
		};
/* End PBXTargetDependency section */

/* Begin XCBuildConfiguration section */
		OBJ_19 /* Debug */ = {
			isa = XCBuildConfiguration;
			buildSettings = {
				CLANG_ENABLE_MODULES = YES;
				DEFINES_MODULE = YES;
				ENABLE_TESTABILITY = YES;
				FRAMEWORK_SEARCH_PATHS = (
					"$(inherited)",
					"$(PLATFORM_DIR)/Developer/Library/Frameworks",
				);
				HEADER_SEARCH_PATHS = "$(inherited)";
				INFOPLIST_FILE = DDXNetwork.xcodeproj/DDXNetwork_Info.plist;
				IPHONEOS_DEPLOYMENT_TARGET = 15.6;
				LD_RUNPATH_SEARCH_PATHS = "$(inherited) $(TOOLCHAIN_DIR)/usr/lib/swift/macosx";
				MACOSX_DEPLOYMENT_TARGET = 14.6;
				OTHER_CFLAGS = "$(inherited)";
				OTHER_LDFLAGS = "$(inherited)";
				OTHER_SWIFT_FLAGS = "$(inherited)";
				PRODUCT_BUNDLE_IDENTIFIER = DDXNetwork;
				PRODUCT_MODULE_NAME = "$(TARGET_NAME:c99extidentifier)";
				PRODUCT_NAME = "$(TARGET_NAME:c99extidentifier)";
				SKIP_INSTALL = YES;
				SUPPORTED_PLATFORMS = "appletvos appletvsimulator iphoneos iphonesimulator watchos watchsimulator";
				SUPPORTS_MACCATALYST = NO;
				SWIFT_ACTIVE_COMPILATION_CONDITIONS = "$(inherited)";
				SWIFT_OPTIMIZATION_LEVEL = "-Onone";
				SWIFT_VERSION = 5.0;
				TARGET_NAME = DDXNetwork;
				TVOS_DEPLOYMENT_TARGET = 16.6;
				WATCHOS_DEPLOYMENT_TARGET = 10.6;
			};
			name = Debug;
		};
		OBJ_20 /* Release */ = {
			isa = XCBuildConfiguration;
			buildSettings = {
				CLANG_ENABLE_MODULES = YES;
				DEFINES_MODULE = YES;
				ENABLE_TESTABILITY = YES;
				FRAMEWORK_SEARCH_PATHS = (
					"$(inherited)",
					"$(PLATFORM_DIR)/Developer/Library/Frameworks",
				);
				HEADER_SEARCH_PATHS = "$(inherited)";
				INFOPLIST_FILE = DDXNetwork.xcodeproj/DDXNetwork_Info.plist;
				IPHONEOS_DEPLOYMENT_TARGET = 15.6;
				LD_RUNPATH_SEARCH_PATHS = "$(inherited) $(TOOLCHAIN_DIR)/usr/lib/swift/macosx";
				MACOSX_DEPLOYMENT_TARGET = 14.6;
				OTHER_CFLAGS = "$(inherited)";
				OTHER_LDFLAGS = "$(inherited)";
				OTHER_SWIFT_FLAGS = "$(inherited)";
				PRODUCT_BUNDLE_IDENTIFIER = DDXNetwork;
				PRODUCT_MODULE_NAME = "$(TARGET_NAME:c99extidentifier)";
				PRODUCT_NAME = "$(TARGET_NAME:c99extidentifier)";
				SKIP_INSTALL = YES;
				SUPPORTED_PLATFORMS = "appletvos appletvsimulator iphoneos iphonesimulator watchos watchsimulator";
				SUPPORTS_MACCATALYST = NO;
				SWIFT_ACTIVE_COMPILATION_CONDITIONS = "$(inherited)";
				SWIFT_VERSION = 5.0;
				TARGET_NAME = DDXNetwork;
				TVOS_DEPLOYMENT_TARGET = 16.6;
				WATCHOS_DEPLOYMENT_TARGET = 10.6;
			};
			name = Release;
		};
		OBJ_26 /* Debug */ = {
			isa = XCBuildConfiguration;
			buildSettings = {
				LD = /usr/bin/true;
				OTHER_SWIFT_FLAGS = "-swift-version 5 -I $(TOOLCHAIN_DIR)/usr/lib/swift/pm/4_2 -target x86_64-apple-macosx10.10 -sdk /Applications/Xcode.app/Contents/Developer/Platforms/MacOSX.platform/Developer/SDKs/MacOSX10.15.sdk -package-description-version 5.1";
				SWIFT_VERSION = 5.0;
			};
			name = Debug;
		};
		OBJ_27 /* Release */ = {
			isa = XCBuildConfiguration;
			buildSettings = {
				LD = /usr/bin/true;
				OTHER_SWIFT_FLAGS = "-swift-version 5 -I $(TOOLCHAIN_DIR)/usr/lib/swift/pm/4_2 -target x86_64-apple-macosx10.10 -sdk /Applications/Xcode.app/Contents/Developer/Platforms/MacOSX.platform/Developer/SDKs/MacOSX10.15.sdk -package-description-version 5.1";
				SWIFT_VERSION = 5.0;
			};
			name = Release;
		};
		OBJ_3 /* Debug */ = {
			isa = XCBuildConfiguration;
			buildSettings = {
				CLANG_ENABLE_OBJC_ARC = YES;
				COMBINE_HIDPI_IMAGES = YES;
				COPY_PHASE_STRIP = NO;
				DEBUG_INFORMATION_FORMAT = dwarf;
				DYLIB_INSTALL_NAME_BASE = "@rpath";
				ENABLE_NS_ASSERTIONS = YES;
				GCC_OPTIMIZATION_LEVEL = 0;
				GCC_PREPROCESSOR_DEFINITIONS = (
					"$(inherited)",
					"SWIFT_PACKAGE=1",
					"DEBUG=1",
				);
				IPHONEOS_DEPLOYMENT_TARGET = 15.6;
				MACOSX_DEPLOYMENT_TARGET = 14.6;
				ONLY_ACTIVE_ARCH = YES;
				OTHER_SWIFT_FLAGS = "$(inherited) -DXcode";
				PRODUCT_NAME = "$(TARGET_NAME)";
				SDKROOT = macosx;
				SUPPORTED_PLATFORMS = "macosx iphoneos iphonesimulator appletvos appletvsimulator watchos watchsimulator";
				SWIFT_ACTIVE_COMPILATION_CONDITIONS = "$(inherited) SWIFT_PACKAGE DEBUG";
				SWIFT_OPTIMIZATION_LEVEL = "-Onone";
				USE_HEADERMAP = NO;
			};
			name = Debug;
		};
		OBJ_32 /* Debug */ = {
			isa = XCBuildConfiguration;
			buildSettings = {
			};
			name = Debug;
		};
		OBJ_33 /* Release */ = {
			isa = XCBuildConfiguration;
			buildSettings = {
			};
			name = Release;
		};
		OBJ_37 /* Debug */ = {
			isa = XCBuildConfiguration;
			buildSettings = {
				CLANG_ENABLE_MODULES = YES;
				EMBEDDED_CONTENT_CONTAINS_SWIFT = YES;
				FRAMEWORK_SEARCH_PATHS = (
					"$(inherited)",
					"$(PLATFORM_DIR)/Developer/Library/Frameworks",
				);
				HEADER_SEARCH_PATHS = "$(inherited)";
				INFOPLIST_FILE = DDXNetwork.xcodeproj/DDXNetworkTests_Info.plist;
				IPHONEOS_DEPLOYMENT_TARGET = 15.6;
				LD_RUNPATH_SEARCH_PATHS = "$(inherited) @loader_path/../Frameworks @loader_path/Frameworks";
				MACOSX_DEPLOYMENT_TARGET = 10.10;
				OTHER_CFLAGS = "$(inherited)";
				OTHER_LDFLAGS = "$(inherited)";
				OTHER_SWIFT_FLAGS = "$(inherited)";
				SWIFT_ACTIVE_COMPILATION_CONDITIONS = "$(inherited)";
				SWIFT_OPTIMIZATION_LEVEL = "-Onone";
				SWIFT_VERSION = 5.0;
				TARGET_NAME = DDXNetworkTests;
				TVOS_DEPLOYMENT_TARGET = 9.0;
				WATCHOS_DEPLOYMENT_TARGET = 2.0;
			};
			name = Debug;
		};
		OBJ_38 /* Release */ = {
			isa = XCBuildConfiguration;
			buildSettings = {
				CLANG_ENABLE_MODULES = YES;
				EMBEDDED_CONTENT_CONTAINS_SWIFT = YES;
				FRAMEWORK_SEARCH_PATHS = (
					"$(inherited)",
					"$(PLATFORM_DIR)/Developer/Library/Frameworks",
				);
				HEADER_SEARCH_PATHS = "$(inherited)";
				INFOPLIST_FILE = DDXNetwork.xcodeproj/DDXNetworkTests_Info.plist;
				IPHONEOS_DEPLOYMENT_TARGET = 15.6;
				LD_RUNPATH_SEARCH_PATHS = "$(inherited) @loader_path/../Frameworks @loader_path/Frameworks";
				MACOSX_DEPLOYMENT_TARGET = 10.10;
				OTHER_CFLAGS = "$(inherited)";
				OTHER_LDFLAGS = "$(inherited)";
				OTHER_SWIFT_FLAGS = "$(inherited)";
				SWIFT_ACTIVE_COMPILATION_CONDITIONS = "$(inherited)";
				SWIFT_VERSION = 5.0;
				TARGET_NAME = DDXNetworkTests;
				TVOS_DEPLOYMENT_TARGET = 9.0;
				WATCHOS_DEPLOYMENT_TARGET = 2.0;
			};
			name = Release;
		};
		OBJ_4 /* Release */ = {
			isa = XCBuildConfiguration;
			buildSettings = {
				CLANG_ENABLE_OBJC_ARC = YES;
				COMBINE_HIDPI_IMAGES = YES;
				COPY_PHASE_STRIP = YES;
				DEBUG_INFORMATION_FORMAT = "dwarf-with-dsym";
				DYLIB_INSTALL_NAME_BASE = "@rpath";
				GCC_OPTIMIZATION_LEVEL = s;
				GCC_PREPROCESSOR_DEFINITIONS = (
					"$(inherited)",
					"SWIFT_PACKAGE=1",
				);
				IPHONEOS_DEPLOYMENT_TARGET = 15.6;
				MACOSX_DEPLOYMENT_TARGET = 14.6;
				OTHER_SWIFT_FLAGS = "$(inherited) -DXcode";
				PRODUCT_NAME = "$(TARGET_NAME)";
				SDKROOT = macosx;
				SUPPORTED_PLATFORMS = "macosx iphoneos iphonesimulator appletvos appletvsimulator watchos watchsimulator";
				SWIFT_ACTIVE_COMPILATION_CONDITIONS = "$(inherited) SWIFT_PACKAGE";
				SWIFT_OPTIMIZATION_LEVEL = "-Owholemodule";
				USE_HEADERMAP = NO;
			};
			name = Release;
		};
/* End XCBuildConfiguration section */

/* Begin XCConfigurationList section */
		OBJ_18 /* Build configuration list for PBXNativeTarget "DDXNetwork" */ = {
			isa = XCConfigurationList;
			buildConfigurations = (
				OBJ_19 /* Debug */,
				OBJ_20 /* Release */,
			);
			defaultConfigurationIsVisible = 0;
			defaultConfigurationName = Release;
		};
		OBJ_2 /* Build configuration list for PBXProject "DDXNetwork" */ = {
			isa = XCConfigurationList;
			buildConfigurations = (
				OBJ_3 /* Debug */,
				OBJ_4 /* Release */,
			);
			defaultConfigurationIsVisible = 0;
			defaultConfigurationName = Release;
		};
		OBJ_25 /* Build configuration list for PBXNativeTarget "DDXNetworkPackageDescription" */ = {
			isa = XCConfigurationList;
			buildConfigurations = (
				OBJ_26 /* Debug */,
				OBJ_27 /* Release */,
			);
			defaultConfigurationIsVisible = 0;
			defaultConfigurationName = Release;
		};
		OBJ_31 /* Build configuration list for PBXAggregateTarget "DDXNetworkPackageTests" */ = {
			isa = XCConfigurationList;
			buildConfigurations = (
				OBJ_32 /* Debug */,
				OBJ_33 /* Release */,
			);
			defaultConfigurationIsVisible = 0;
			defaultConfigurationName = Release;
		};
		OBJ_36 /* Build configuration list for PBXNativeTarget "DDXNetworkTests" */ = {
			isa = XCConfigurationList;
			buildConfigurations = (
				OBJ_37 /* Debug */,
				OBJ_38 /* Release */,
			);
			defaultConfigurationIsVisible = 0;
			defaultConfigurationName = Release;
		};
/* End XCConfigurationList section */
	};
	rootObject = OBJ_1 /* Project object */;
}
